
Microsoft Visual Studio Solution File, Format Version 12.00
# Visual Studio Version 16
VisualStudioVersion = 16.0.810.22
MinimumVisualStudioVersion = 10.0.40219.1
Project("{FAE04EC0-301F-11D3-BF4B-00C04F79EFBC}") = "FilesCleaner", "FilesCleaner\FilesCleaner.csproj", "{A53917CB-E3C0-428B-B552-1CDD7BF1D242}"
EndProject
Global
	GlobalSection(SolutionConfigurationPlatforms) = preSolution
		Debug|Any CPU = Debug|Any CPU
		Release|Any CPU = Release|Any CPU
	EndGlobalSection
	GlobalSection(ProjectConfigurationPlatforms) = postSolution
		{A53917CB-E3C0-428B-B552-1CDD7BF1D242}.Debug|Any CPU.ActiveCfg = Debug|Any CPU
		{A53917CB-E3C0-428B-B552-1CDD7BF1D242}.Debug|Any CPU.Build.0 = Debug|Any CPU
		{A53917CB-E3C0-428B-B552-1CDD7BF1D242}.Release|Any CPU.ActiveCfg = Release|Any CPU
		{A53917CB-E3C0-428B-B552-1CDD7BF1D242}.Release|Any CPU.Build.0 = Release|Any CPU
	EndGlobalSection
	GlobalSection(SolutionProperties) = preSolution
		HideSolutionNode = FALSE
	EndGlobalSection
	GlobalSection(ExtensibilityGlobals) = postSolution
		SolutionGuid = {8AD58FFF-A53A-4913-94C4-0CF8D7D08371}
	EndGlobalSection
EndGlobal
